{
  "name": "cplace-jsdocs",
  "version": "0.1.0",
  "lockfileVersion": 1,
  "requires": true,
  "dependencies": {
    "better-docs": {
      "version": "github:collaborationFactory/better-docs#d7b93cc5d220410a71ec16b862174010ffa0e182",
      "from": "github:collaborationFactory/better-docs#template-for-cplacejs-docs",
      "dev": true
    }
  }
}
